// !$*UTF8*$!
{
	archiveVersion = 1;
	classes = {
	};
	objectVersion = 52;
	objects = {

/* Begin PBXBuildFile section */
		4A5B1F2826ABA2E3009C6965 /* AppDelegate.swift in Sources */ = {isa = PBXBuildFile; fileRef = 4A5B1F2726ABA2E3009C6965 /* AppDelegate.swift */; };
		4A5B1F2A26ABA2E3009C6965 /* SceneDelegate.swift in Sources */ = {isa = PBXBuildFile; fileRef = 4A5B1F2926ABA2E3009C6965 /* SceneDelegate.swift */; };
		4A5B1F2C26ABA2E3009C6965 /* ViewController.swift in Sources */ = {isa = PBXBuildFile; fileRef = 4A5B1F2B26ABA2E3009C6965 /* ViewController.swift */; };
		4A5B1F2F26ABA2E3009C6965 /* Main.storyboard in Resources */ = {isa = PBXBuildFile; fileRef = 4A5B1F2D26ABA2E3009C6965 /* Main.storyboard */; };
		4A5B1F3126ABA2E4009C6965 /* Assets.xcassets in Resources */ = {isa = PBXBuildFile; fileRef = 4A5B1F3026ABA2E4009C6965 /* Assets.xcassets */; };
		4A5B1F3426ABA2E4009C6965 /* LaunchScreen.storyboard in Resources */ = {isa = PBXBuildFile; fileRef = 4A5B1F3226ABA2E4009C6965 /* LaunchScreen.storyboard */; };
		4A5B1F3F26ABA2E5009C6965 /* TossDutchTests.swift in Sources */ = {isa = PBXBuildFile; fileRef = 4A5B1F3E26ABA2E5009C6965 /* TossDutchTests.swift */; };
		4A5B1F4A26ABA2E5009C6965 /* TossDutchUITests.swift in Sources */ = {isa = PBXBuildFile; fileRef = 4A5B1F4926ABA2E5009C6965 /* TossDutchUITests.swift */; };
		4A5B1F6426ABAEC2009C6965 /* SwiftyJSON in Frameworks */ = {isa = PBXBuildFile; productRef = 4A5B1F6326ABAEC2009C6965 /* SwiftyJSON */; };
		4A5B1F7826ABB876009C6965 /* RIBs in Frameworks */ = {isa = PBXBuildFile; productRef = 4A5B1F7726ABB876009C6965 /* RIBs */; };
		4A5B1F7B26ABB8AB009C6965 /* Alamofire in Frameworks */ = {isa = PBXBuildFile; productRef = 4A5B1F7A26ABB8AB009C6965 /* Alamofire */; };
		4A5B1F8226ABB916009C6965 /* RootRouter.swift in Sources */ = {isa = PBXBuildFile; fileRef = 4A5B1F7E26ABB916009C6965 /* RootRouter.swift */; };
		4A5B1F8326ABB916009C6965 /* RootViewController.swift in Sources */ = {isa = PBXBuildFile; fileRef = 4A5B1F7F26ABB916009C6965 /* RootViewController.swift */; };
		4A5B1F8426ABB916009C6965 /* RootBuilder.swift in Sources */ = {isa = PBXBuildFile; fileRef = 4A5B1F8026ABB916009C6965 /* RootBuilder.swift */; };
		4A5B1F8526ABB916009C6965 /* RootInteractor.swift in Sources */ = {isa = PBXBuildFile; fileRef = 4A5B1F8126ABB916009C6965 /* RootInteractor.swift */; };
		4A5B1F8826ABB9A6009C6965 /* SnapKit in Frameworks */ = {isa = PBXBuildFile; productRef = 4A5B1F8726ABB9A6009C6965 /* SnapKit */; };
		4A5B1F8B26ABBAEB009C6965 /* SwiftRichString in Frameworks */ = {isa = PBXBuildFile; productRef = 4A5B1F8A26ABBAEB009C6965 /* SwiftRichString */; };
		4A5B1F8E26ABBB72009C6965 /* AppComponent.swift in Sources */ = {isa = PBXBuildFile; fileRef = 4A5B1F8D26ABBB72009C6965 /* AppComponent.swift */; };
		4A5B1F9126ABBC76009C6965 /* RxSwift in Frameworks */ = {isa = PBXBuildFile; productRef = 4A5B1F9026ABBC76009C6965 /* RxSwift */; };
		4A5B1F9526ABBC76009C6965 /* RxRelay in Frameworks */ = {isa = PBXBuildFile; productRef = 4A5B1F9426ABBC76009C6965 /* RxRelay */; };
		4A5B1F9726ABBC76009C6965 /* RxCocoa in Frameworks */ = {isa = PBXBuildFile; productRef = 4A5B1F9626ABBC76009C6965 /* RxCocoa */; };
		4A5B1F9F26ABBE49009C6965 /* DutchRouter.swift in Sources */ = {isa = PBXBuildFile; fileRef = 4A5B1F9B26ABBE49009C6965 /* DutchRouter.swift */; };
		4A5B1FA026ABBE49009C6965 /* DutchViewController.swift in Sources */ = {isa = PBXBuildFile; fileRef = 4A5B1F9C26ABBE49009C6965 /* DutchViewController.swift */; };
		4A5B1FA126ABBE49009C6965 /* DutchBuilder.swift in Sources */ = {isa = PBXBuildFile; fileRef = 4A5B1F9D26ABBE49009C6965 /* DutchBuilder.swift */; };
		4A5B1FA226ABBE49009C6965 /* DutchInteractor.swift in Sources */ = {isa = PBXBuildFile; fileRef = 4A5B1F9E26ABBE49009C6965 /* DutchInteractor.swift */; };
		4A5B1FA526ABBFE3009C6965 /* RootComponent+Dutch.swift in Sources */ = {isa = PBXBuildFile; fileRef = 4A5B1FA426ABBFE3009C6965 /* RootComponent+Dutch.swift */; };
		4A5B1FA726ABC055009C6965 /* DutchRequireds.swift in Sources */ = {isa = PBXBuildFile; fileRef = 4A5B1FA626ABC055009C6965 /* DutchRequireds.swift */; };
		4A5B1FAA26ABC5B6009C6965 /* RxDataSources in Frameworks */ = {isa = PBXBuildFile; productRef = 4A5B1FA926ABC5B6009C6965 /* RxDataSources */; };
		4A5B1FAC26ABC5B6009C6965 /* Differentiator in Frameworks */ = {isa = PBXBuildFile; productRef = 4A5B1FAB26ABC5B6009C6965 /* Differentiator */; };
		4A5B1FBC26ABC984009C6965 /* DutchData.swift in Sources */ = {isa = PBXBuildFile; fileRef = 4A5B1FBB26ABC984009C6965 /* DutchData.swift */; };
		4A5B1FBF26ABD67B009C6965 /* DutchTableViewCells.swift in Sources */ = {isa = PBXBuildFile; fileRef = 4A5B1FBE26ABD67B009C6965 /* DutchTableViewCells.swift */; };
		4A5B1FC326ABD8D0009C6965 /* UITableViewCell+extension.swift in Sources */ = {isa = PBXBuildFile; fileRef = 4A5B1FC226ABD8D0009C6965 /* UITableViewCell+extension.swift */; };
		4A5B1FC526ABDD2D009C6965 /* String+extension.swift in Sources */ = {isa = PBXBuildFile; fileRef = 4A5B1FC426ABDD2D009C6965 /* String+extension.swift */; };
		4A5B1FC726ABDD7E009C6965 /* Date+extension.swift in Sources */ = {isa = PBXBuildFile; fileRef = 4A5B1FC626ABDD7E009C6965 /* Date+extension.swift */; };
		4A5B1FC926ABDEB6009C6965 /* UITableView+extension.swift in Sources */ = {isa = PBXBuildFile; fileRef = 4A5B1FC826ABDEB6009C6965 /* UITableView+extension.swift */; };
		4A5B1FCB26ABDF02009C6965 /* Int64+extension.swift in Sources */ = {isa = PBXBuildFile; fileRef = 4A5B1FCA26ABDF02009C6965 /* Int64+extension.swift */; };
		4A5B1FCD26ABE3EA009C6965 /* DutchDetailTableViewCell.swift in Sources */ = {isa = PBXBuildFile; fileRef = 4A5B1FCC26ABE3EA009C6965 /* DutchDetailTableViewCell.swift */; };
		4A5B1FCF26ABEFAD009C6965 /* ProgressButton.swift in Sources */ = {isa = PBXBuildFile; fileRef = 4A5B1FCE26ABEFAD009C6965 /* ProgressButton.swift */; };
		4A5B1FD126ABFAA0009C6965 /* DutchService.swift in Sources */ = {isa = PBXBuildFile; fileRef = 4A5B1FD026ABFAA0009C6965 /* DutchService.swift */; };
		4A5B1FD526ABFB06009C6965 /* DutchServiceImpl.swift in Sources */ = {isa = PBXBuildFile; fileRef = 4A5B1FD426ABFB06009C6965 /* DutchServiceImpl.swift */; };
		4A5B1FD926AC0795009C6965 /* DutchViewModels.swift in Sources */ = {isa = PBXBuildFile; fileRef = 4A5B1FD826AC0795009C6965 /* DutchViewModels.swift */; };
		4A5B1FDB26AC17D7009C6965 /* GlobalConstant.swift in Sources */ = {isa = PBXBuildFile; fileRef = 4A5B1FDA26AC17D7009C6965 /* GlobalConstant.swift */; };
		4A5B1FDD26AC7988009C6965 /* Network.swift in Sources */ = {isa = PBXBuildFile; fileRef = 4A5B1FDC26AC7988009C6965 /* Network.swift */; };
/* End PBXBuildFile section */

/* Begin PBXContainerItemProxy section */
		4A5B1F3B26ABA2E5009C6965 /* PBXContainerItemProxy */ = {
			isa = PBXContainerItemProxy;
			containerPortal = 4A5B1F1C26ABA2E3009C6965 /* Project object */;
			proxyType = 1;
			remoteGlobalIDString = 4A5B1F2326ABA2E3009C6965;
			remoteInfo = TossDutch;
		};
		4A5B1F4626ABA2E5009C6965 /* PBXContainerItemProxy */ = {
			isa = PBXContainerItemProxy;
			containerPortal = 4A5B1F1C26ABA2E3009C6965 /* Project object */;
			proxyType = 1;
			remoteGlobalIDString = 4A5B1F2326ABA2E3009C6965;
			remoteInfo = TossDutch;
		};
/* End PBXContainerItemProxy section */

/* Begin PBXFileReference section */
		4A5B1F2426ABA2E3009C6965 /* TossDutch.app */ = {isa = PBXFileReference; explicitFileType = wrapper.application; includeInIndex = 0; path = TossDutch.app; sourceTree = BUILT_PRODUCTS_DIR; };
		4A5B1F2726ABA2E3009C6965 /* AppDelegate.swift */ = {isa = PBXFileReference; lastKnownFileType = sourcecode.swift; path = AppDelegate.swift; sourceTree = "<group>"; };
		4A5B1F2926ABA2E3009C6965 /* SceneDelegate.swift */ = {isa = PBXFileReference; lastKnownFileType = sourcecode.swift; path = SceneDelegate.swift; sourceTree = "<group>"; };
		4A5B1F2B26ABA2E3009C6965 /* ViewController.swift */ = {isa = PBXFileReference; lastKnownFileType = sourcecode.swift; path = ViewController.swift; sourceTree = "<group>"; };
		4A5B1F2E26ABA2E3009C6965 /* Base */ = {isa = PBXFileReference; lastKnownFileType = file.storyboard; name = Base; path = Base.lproj/Main.storyboard; sourceTree = "<group>"; };
		4A5B1F3026ABA2E4009C6965 /* Assets.xcassets */ = {isa = PBXFileReference; lastKnownFileType = folder.assetcatalog; path = Assets.xcassets; sourceTree = "<group>"; };
		4A5B1F3326ABA2E4009C6965 /* Base */ = {isa = PBXFileReference; lastKnownFileType = file.storyboard; name = Base; path = Base.lproj/LaunchScreen.storyboard; sourceTree = "<group>"; };
		4A5B1F3526ABA2E4009C6965 /* Info.plist */ = {isa = PBXFileReference; lastKnownFileType = text.plist.xml; path = Info.plist; sourceTree = "<group>"; };
		4A5B1F3A26ABA2E5009C6965 /* TossDutchTests.xctest */ = {isa = PBXFileReference; explicitFileType = wrapper.cfbundle; includeInIndex = 0; path = TossDutchTests.xctest; sourceTree = BUILT_PRODUCTS_DIR; };
		4A5B1F3E26ABA2E5009C6965 /* TossDutchTests.swift */ = {isa = PBXFileReference; lastKnownFileType = sourcecode.swift; path = TossDutchTests.swift; sourceTree = "<group>"; };
		4A5B1F4026ABA2E5009C6965 /* Info.plist */ = {isa = PBXFileReference; lastKnownFileType = text.plist.xml; path = Info.plist; sourceTree = "<group>"; };
		4A5B1F4526ABA2E5009C6965 /* TossDutchUITests.xctest */ = {isa = PBXFileReference; explicitFileType = wrapper.cfbundle; includeInIndex = 0; path = TossDutchUITests.xctest; sourceTree = BUILT_PRODUCTS_DIR; };
		4A5B1F4926ABA2E5009C6965 /* TossDutchUITests.swift */ = {isa = PBXFileReference; lastKnownFileType = sourcecode.swift; path = TossDutchUITests.swift; sourceTree = "<group>"; };
		4A5B1F4B26ABA2E5009C6965 /* Info.plist */ = {isa = PBXFileReference; lastKnownFileType = text.plist.xml; path = Info.plist; sourceTree = "<group>"; };
		4A5B1F7E26ABB916009C6965 /* RootRouter.swift */ = {isa = PBXFileReference; lastKnownFileType = sourcecode.swift; path = RootRouter.swift; sourceTree = "<group>"; };
		4A5B1F7F26ABB916009C6965 /* RootViewController.swift */ = {isa = PBXFileReference; lastKnownFileType = sourcecode.swift; path = RootViewController.swift; sourceTree = "<group>"; };
		4A5B1F8026ABB916009C6965 /* RootBuilder.swift */ = {isa = PBXFileReference; lastKnownFileType = sourcecode.swift; path = RootBuilder.swift; sourceTree = "<group>"; };
		4A5B1F8126ABB916009C6965 /* RootInteractor.swift */ = {isa = PBXFileReference; lastKnownFileType = sourcecode.swift; path = RootInteractor.swift; sourceTree = "<group>"; };
		4A5B1F8D26ABBB72009C6965 /* AppComponent.swift */ = {isa = PBXFileReference; lastKnownFileType = sourcecode.swift; path = AppComponent.swift; sourceTree = "<group>"; };
		4A5B1F9B26ABBE49009C6965 /* DutchRouter.swift */ = {isa = PBXFileReference; lastKnownFileType = sourcecode.swift; path = DutchRouter.swift; sourceTree = "<group>"; };
		4A5B1F9C26ABBE49009C6965 /* DutchViewController.swift */ = {isa = PBXFileReference; lastKnownFileType = sourcecode.swift; path = DutchViewController.swift; sourceTree = "<group>"; };
		4A5B1F9D26ABBE49009C6965 /* DutchBuilder.swift */ = {isa = PBXFileReference; lastKnownFileType = sourcecode.swift; path = DutchBuilder.swift; sourceTree = "<group>"; };
		4A5B1F9E26ABBE49009C6965 /* DutchInteractor.swift */ = {isa = PBXFileReference; lastKnownFileType = sourcecode.swift; path = DutchInteractor.swift; sourceTree = "<group>"; };
		4A5B1FA426ABBFE3009C6965 /* RootComponent+Dutch.swift */ = {isa = PBXFileReference; lastKnownFileType = sourcecode.swift; path = "RootComponent+Dutch.swift"; sourceTree = "<group>"; };
		4A5B1FA626ABC055009C6965 /* DutchRequireds.swift */ = {isa = PBXFileReference; lastKnownFileType = sourcecode.swift; path = DutchRequireds.swift; sourceTree = "<group>"; };
		4A5B1FBB26ABC984009C6965 /* DutchData.swift */ = {isa = PBXFileReference; lastKnownFileType = sourcecode.swift; path = DutchData.swift; sourceTree = "<group>"; };
		4A5B1FBE26ABD67B009C6965 /* DutchTableViewCells.swift */ = {isa = PBXFileReference; lastKnownFileType = sourcecode.swift; path = DutchTableViewCells.swift; sourceTree = "<group>"; };
		4A5B1FC226ABD8D0009C6965 /* UITableViewCell+extension.swift */ = {isa = PBXFileReference; lastKnownFileType = sourcecode.swift; path = "UITableViewCell+extension.swift"; sourceTree = "<group>"; };
		4A5B1FC426ABDD2D009C6965 /* String+extension.swift */ = {isa = PBXFileReference; lastKnownFileType = sourcecode.swift; path = "String+extension.swift"; sourceTree = "<group>"; };
		4A5B1FC626ABDD7E009C6965 /* Date+extension.swift */ = {isa = PBXFileReference; lastKnownFileType = sourcecode.swift; path = "Date+extension.swift"; sourceTree = "<group>"; };
		4A5B1FC826ABDEB6009C6965 /* UITableView+extension.swift */ = {isa = PBXFileReference; lastKnownFileType = sourcecode.swift; path = "UITableView+extension.swift"; sourceTree = "<group>"; };
		4A5B1FCA26ABDF02009C6965 /* Int64+extension.swift */ = {isa = PBXFileReference; lastKnownFileType = sourcecode.swift; path = "Int64+extension.swift"; sourceTree = "<group>"; };
		4A5B1FCC26ABE3EA009C6965 /* DutchDetailTableViewCell.swift */ = {isa = PBXFileReference; lastKnownFileType = sourcecode.swift; path = DutchDetailTableViewCell.swift; sourceTree = "<group>"; };
		4A5B1FCE26ABEFAD009C6965 /* ProgressButton.swift */ = {isa = PBXFileReference; fileEncoding = 4; lastKnownFileType = sourcecode.swift; path = ProgressButton.swift; sourceTree = "<group>"; };
		4A5B1FD026ABFAA0009C6965 /* DutchService.swift */ = {isa = PBXFileReference; lastKnownFileType = sourcecode.swift; path = DutchService.swift; sourceTree = "<group>"; };
		4A5B1FD426ABFB06009C6965 /* DutchServiceImpl.swift */ = {isa = PBXFileReference; lastKnownFileType = sourcecode.swift; path = DutchServiceImpl.swift; sourceTree = "<group>"; };
		4A5B1FD826AC0795009C6965 /* DutchViewModels.swift */ = {isa = PBXFileReference; lastKnownFileType = sourcecode.swift; path = DutchViewModels.swift; sourceTree = "<group>"; };
		4A5B1FDA26AC17D7009C6965 /* GlobalConstant.swift */ = {isa = PBXFileReference; lastKnownFileType = sourcecode.swift; path = GlobalConstant.swift; sourceTree = "<group>"; };
		4A5B1FDC26AC7988009C6965 /* Network.swift */ = {isa = PBXFileReference; lastKnownFileType = sourcecode.swift; path = Network.swift; sourceTree = "<group>"; };
/* End PBXFileReference section */

/* Begin PBXFrameworksBuildPhase section */
		4A5B1F2126ABA2E3009C6965 /* Frameworks */ = {
			isa = PBXFrameworksBuildPhase;
			buildActionMask = 2147483647;
			files = (
				4A5B1F9726ABBC76009C6965 /* RxCocoa in Frameworks */,
				4A5B1F9126ABBC76009C6965 /* RxSwift in Frameworks */,
				4A5B1F7B26ABB8AB009C6965 /* Alamofire in Frameworks */,
				4A5B1F8B26ABBAEB009C6965 /* SwiftRichString in Frameworks */,
				4A5B1F8826ABB9A6009C6965 /* SnapKit in Frameworks */,
				4A5B1F7826ABB876009C6965 /* RIBs in Frameworks */,
				4A5B1FAC26ABC5B6009C6965 /* Differentiator in Frameworks */,
				4A5B1FAA26ABC5B6009C6965 /* RxDataSources in Frameworks */,
				4A5B1F9526ABBC76009C6965 /* RxRelay in Frameworks */,
				4A5B1F6426ABAEC2009C6965 /* SwiftyJSON in Frameworks */,
			);
			runOnlyForDeploymentPostprocessing = 0;
		};
		4A5B1F3726ABA2E5009C6965 /* Frameworks */ = {
			isa = PBXFrameworksBuildPhase;
			buildActionMask = 2147483647;
			files = (
			);
			runOnlyForDeploymentPostprocessing = 0;
		};
		4A5B1F4226ABA2E5009C6965 /* Frameworks */ = {
			isa = PBXFrameworksBuildPhase;
			buildActionMask = 2147483647;
			files = (
			);
			runOnlyForDeploymentPostprocessing = 0;
		};
/* End PBXFrameworksBuildPhase section */

/* Begin PBXGroup section */
		4A5B1F1B26ABA2E3009C6965 = {
			isa = PBXGroup;
			children = (
				4A5B1F2626ABA2E3009C6965 /* TossDutch */,
				4A5B1F3D26ABA2E5009C6965 /* TossDutchTests */,
				4A5B1F4826ABA2E5009C6965 /* TossDutchUITests */,
				4A5B1F2526ABA2E3009C6965 /* Products */,
			);
			sourceTree = "<group>";
		};
		4A5B1F2526ABA2E3009C6965 /* Products */ = {
			isa = PBXGroup;
			children = (
				4A5B1F2426ABA2E3009C6965 /* TossDutch.app */,
				4A5B1F3A26ABA2E5009C6965 /* TossDutchTests.xctest */,
				4A5B1F4526ABA2E5009C6965 /* TossDutchUITests.xctest */,
			);
			name = Products;
			sourceTree = "<group>";
		};
		4A5B1F2626ABA2E3009C6965 /* TossDutch */ = {
			isa = PBXGroup;
			children = (
				4A5B1FD726AC0778009C6965 /* Models */,
				4A5B1FD326ABFAFA009C6965 /* Services */,
				4A5B1FD226ABFAF1009C6965 /* Views */,
				4A5B1FC126ABD897009C6965 /* Extensions */,
				4A5B1F7C26ABB8CB009C6965 /* RIBs */,
				4A5B1F2726ABA2E3009C6965 /* AppDelegate.swift */,
				4A5B1F2926ABA2E3009C6965 /* SceneDelegate.swift */,
				4A5B1F2B26ABA2E3009C6965 /* ViewController.swift */,
				4A5B1F2D26ABA2E3009C6965 /* Main.storyboard */,
				4A5B1F3026ABA2E4009C6965 /* Assets.xcassets */,
				4A5B1F3226ABA2E4009C6965 /* LaunchScreen.storyboard */,
				4A5B1F3526ABA2E4009C6965 /* Info.plist */,
			);
			path = TossDutch;
			sourceTree = "<group>";
		};
		4A5B1F3D26ABA2E5009C6965 /* TossDutchTests */ = {
			isa = PBXGroup;
			children = (
				4A5B1F3E26ABA2E5009C6965 /* TossDutchTests.swift */,
				4A5B1F4026ABA2E5009C6965 /* Info.plist */,
			);
			path = TossDutchTests;
			sourceTree = "<group>";
		};
		4A5B1F4826ABA2E5009C6965 /* TossDutchUITests */ = {
			isa = PBXGroup;
			children = (
				4A5B1F4926ABA2E5009C6965 /* TossDutchUITests.swift */,
				4A5B1F4B26ABA2E5009C6965 /* Info.plist */,
			);
			path = TossDutchUITests;
			sourceTree = "<group>";
		};
		4A5B1F7C26ABB8CB009C6965 /* RIBs */ = {
			isa = PBXGroup;
			children = (
				4A5B1F8C26ABBB56009C6965 /* AppStart */,
				4A5B1F7D26ABB8D5009C6965 /* Root */,
				4A5B1F9A26ABBE1A009C6965 /* Dutch */,
			);
			path = RIBs;
			sourceTree = "<group>";
		};
		4A5B1F7D26ABB8D5009C6965 /* Root */ = {
			isa = PBXGroup;
			children = (
				4A5B1FA326ABBFD1009C6965 /* Components */,
				4A5B1F7E26ABB916009C6965 /* RootRouter.swift */,
				4A5B1F7F26ABB916009C6965 /* RootViewController.swift */,
				4A5B1F8026ABB916009C6965 /* RootBuilder.swift */,
				4A5B1F8126ABB916009C6965 /* RootInteractor.swift */,
			);
			path = Root;
			sourceTree = "<group>";
		};
		4A5B1F8C26ABBB56009C6965 /* AppStart */ = {
			isa = PBXGroup;
			children = (
				4A5B1F8D26ABBB72009C6965 /* AppComponent.swift */,
			);
			path = AppStart;
			sourceTree = "<group>";
		};
		4A5B1F9A26ABBE1A009C6965 /* Dutch */ = {
			isa = PBXGroup;
			children = (
				4A5B1FBD26ABD66A009C6965 /* Cells */,
				4A5B1FBA26ABC7F6009C6965 /* Models */,
				4A5B1F9B26ABBE49009C6965 /* DutchRouter.swift */,
				4A5B1F9C26ABBE49009C6965 /* DutchViewController.swift */,
				4A5B1F9D26ABBE49009C6965 /* DutchBuilder.swift */,
				4A5B1F9E26ABBE49009C6965 /* DutchInteractor.swift */,
				4A5B1FA626ABC055009C6965 /* DutchRequireds.swift */,
				4A5B1FD026ABFAA0009C6965 /* DutchService.swift */,
			);
			path = Dutch;
			sourceTree = "<group>";
		};
		4A5B1FA326ABBFD1009C6965 /* Components */ = {
			isa = PBXGroup;
			children = (
				4A5B1FA426ABBFE3009C6965 /* RootComponent+Dutch.swift */,
			);
			path = Components;
			sourceTree = "<group>";
		};
		4A5B1FBA26ABC7F6009C6965 /* Models */ = {
			isa = PBXGroup;
			children = (
				4A5B1FD826AC0795009C6965 /* DutchViewModels.swift */,
			);
			path = Models;
			sourceTree = "<group>";
		};
		4A5B1FBD26ABD66A009C6965 /* Cells */ = {
			isa = PBXGroup;
			children = (
				4A5B1FBE26ABD67B009C6965 /* DutchTableViewCells.swift */,
				4A5B1FCC26ABE3EA009C6965 /* DutchDetailTableViewCell.swift */,
			);
			path = Cells;
			sourceTree = "<group>";
		};
		4A5B1FC126ABD897009C6965 /* Extensions */ = {
			isa = PBXGroup;
			children = (
				4A5B1FC226ABD8D0009C6965 /* UITableViewCell+extension.swift */,
				4A5B1FC426ABDD2D009C6965 /* String+extension.swift */,
				4A5B1FC626ABDD7E009C6965 /* Date+extension.swift */,
				4A5B1FC826ABDEB6009C6965 /* UITableView+extension.swift */,
				4A5B1FCA26ABDF02009C6965 /* Int64+extension.swift */,
			);
			path = Extensions;
			sourceTree = "<group>";
		};
		4A5B1FD226ABFAF1009C6965 /* Views */ = {
			isa = PBXGroup;
			children = (
				4A5B1FCE26ABEFAD009C6965 /* ProgressButton.swift */,
			);
			path = Views;
			sourceTree = "<group>";
		};
		4A5B1FD326ABFAFA009C6965 /* Services */ = {
			isa = PBXGroup;
			children = (
				4A5B1FD426ABFB06009C6965 /* DutchServiceImpl.swift */,
				4A5B1FDC26AC7988009C6965 /* Network.swift */,
			);
			path = Services;
			sourceTree = "<group>";
		};
		4A5B1FD726AC0778009C6965 /* Models */ = {
			isa = PBXGroup;
			children = (
				4A5B1FBB26ABC984009C6965 /* DutchData.swift */,
				4A5B1FDA26AC17D7009C6965 /* GlobalConstant.swift */,
			);
			path = Models;
			sourceTree = "<group>";
		};
/* End PBXGroup section */

/* Begin PBXNativeTarget section */
		4A5B1F2326ABA2E3009C6965 /* TossDutch */ = {
			isa = PBXNativeTarget;
			buildConfigurationList = 4A5B1F4E26ABA2E5009C6965 /* Build configuration list for PBXNativeTarget "TossDutch" */;
			buildPhases = (
				4A5B1F2026ABA2E3009C6965 /* Sources */,
				4A5B1F2126ABA2E3009C6965 /* Frameworks */,
				4A5B1F2226ABA2E3009C6965 /* Resources */,
			);
			buildRules = (
			);
			dependencies = (
			);
			name = TossDutch;
			packageProductDependencies = (
				4A5B1F6326ABAEC2009C6965 /* SwiftyJSON */,
				4A5B1F7726ABB876009C6965 /* RIBs */,
				4A5B1F7A26ABB8AB009C6965 /* Alamofire */,
				4A5B1F8726ABB9A6009C6965 /* SnapKit */,
				4A5B1F8A26ABBAEB009C6965 /* SwiftRichString */,
				4A5B1F9026ABBC76009C6965 /* RxSwift */,
				4A5B1F9426ABBC76009C6965 /* RxRelay */,
				4A5B1F9626ABBC76009C6965 /* RxCocoa */,
				4A5B1FA926ABC5B6009C6965 /* RxDataSources */,
				4A5B1FAB26ABC5B6009C6965 /* Differentiator */,
			);
			productName = TossDutch;
			productReference = 4A5B1F2426ABA2E3009C6965 /* TossDutch.app */;
			productType = "com.apple.product-type.application";
		};
		4A5B1F3926ABA2E5009C6965 /* TossDutchTests */ = {
			isa = PBXNativeTarget;
			buildConfigurationList = 4A5B1F5126ABA2E5009C6965 /* Build configuration list for PBXNativeTarget "TossDutchTests" */;
			buildPhases = (
				4A5B1F3626ABA2E5009C6965 /* Sources */,
				4A5B1F3726ABA2E5009C6965 /* Frameworks */,
				4A5B1F3826ABA2E5009C6965 /* Resources */,
			);
			buildRules = (
			);
			dependencies = (
				4A5B1F3C26ABA2E5009C6965 /* PBXTargetDependency */,
			);
			name = TossDutchTests;
			productName = TossDutchTests;
			productReference = 4A5B1F3A26ABA2E5009C6965 /* TossDutchTests.xctest */;
			productType = "com.apple.product-type.bundle.unit-test";
		};
		4A5B1F4426ABA2E5009C6965 /* TossDutchUITests */ = {
			isa = PBXNativeTarget;
			buildConfigurationList = 4A5B1F5426ABA2E5009C6965 /* Build configuration list for PBXNativeTarget "TossDutchUITests" */;
			buildPhases = (
				4A5B1F4126ABA2E5009C6965 /* Sources */,
				4A5B1F4226ABA2E5009C6965 /* Frameworks */,
				4A5B1F4326ABA2E5009C6965 /* Resources */,
			);
			buildRules = (
			);
			dependencies = (
				4A5B1F4726ABA2E5009C6965 /* PBXTargetDependency */,
			);
			name = TossDutchUITests;
			productName = TossDutchUITests;
			productReference = 4A5B1F4526ABA2E5009C6965 /* TossDutchUITests.xctest */;
			productType = "com.apple.product-type.bundle.ui-testing";
		};
/* End PBXNativeTarget section */

/* Begin PBXProject section */
		4A5B1F1C26ABA2E3009C6965 /* Project object */ = {
			isa = PBXProject;
			attributes = {
				LastSwiftUpdateCheck = 1250;
				LastUpgradeCheck = 1250;
				TargetAttributes = {
					4A5B1F2326ABA2E3009C6965 = {
						CreatedOnToolsVersion = 12.5.1;
					};
					4A5B1F3926ABA2E5009C6965 = {
						CreatedOnToolsVersion = 12.5.1;
						TestTargetID = 4A5B1F2326ABA2E3009C6965;
					};
					4A5B1F4426ABA2E5009C6965 = {
						CreatedOnToolsVersion = 12.5.1;
						TestTargetID = 4A5B1F2326ABA2E3009C6965;
					};
				};
			};
			buildConfigurationList = 4A5B1F1F26ABA2E3009C6965 /* Build configuration list for PBXProject "TossDutch" */;
			compatibilityVersion = "Xcode 9.3";
			developmentRegion = en;
			hasScannedForEncodings = 0;
			knownRegions = (
				en,
				Base,
			);
			mainGroup = 4A5B1F1B26ABA2E3009C6965;
			packageReferences = (
				4A5B1F6226ABAEC2009C6965 /* XCRemoteSwiftPackageReference "SwiftyJSON" */,
				4A5B1F7626ABB876009C6965 /* XCRemoteSwiftPackageReference "RIBs" */,
				4A5B1F7926ABB8AB009C6965 /* XCRemoteSwiftPackageReference "Alamofire" */,
				4A5B1F8626ABB9A6009C6965 /* XCRemoteSwiftPackageReference "SnapKit" */,
				4A5B1F8926ABBAEB009C6965 /* XCRemoteSwiftPackageReference "SwiftRichString" */,
				4A5B1F8F26ABBC76009C6965 /* XCRemoteSwiftPackageReference "RxSwift" */,
				4A5B1FA826ABC5B6009C6965 /* XCRemoteSwiftPackageReference "RxDataSources" */,
			);
			productRefGroup = 4A5B1F2526ABA2E3009C6965 /* Products */;
			projectDirPath = "";
			projectRoot = "";
			targets = (
				4A5B1F2326ABA2E3009C6965 /* TossDutch */,
				4A5B1F3926ABA2E5009C6965 /* TossDutchTests */,
				4A5B1F4426ABA2E5009C6965 /* TossDutchUITests */,
			);
		};
/* End PBXProject section */

/* Begin PBXResourcesBuildPhase section */
		4A5B1F2226ABA2E3009C6965 /* Resources */ = {
			isa = PBXResourcesBuildPhase;
			buildActionMask = 2147483647;
			files = (
				4A5B1F3426ABA2E4009C6965 /* LaunchScreen.storyboard in Resources */,
				4A5B1F3126ABA2E4009C6965 /* Assets.xcassets in Resources */,
				4A5B1F2F26ABA2E3009C6965 /* Main.storyboard in Resources */,
			);
			runOnlyForDeploymentPostprocessing = 0;
		};
		4A5B1F3826ABA2E5009C6965 /* Resources */ = {
			isa = PBXResourcesBuildPhase;
			buildActionMask = 2147483647;
			files = (
			);
			runOnlyForDeploymentPostprocessing = 0;
		};
		4A5B1F4326ABA2E5009C6965 /* Resources */ = {
			isa = PBXResourcesBuildPhase;
			buildActionMask = 2147483647;
			files = (
			);
			runOnlyForDeploymentPostprocessing = 0;
		};
/* End PBXResourcesBuildPhase section */

/* Begin PBXSourcesBuildPhase section */
		4A5B1F2026ABA2E3009C6965 /* Sources */ = {
			isa = PBXSourcesBuildPhase;
			buildActionMask = 2147483647;
			files = (
				4A5B1F9F26ABBE49009C6965 /* DutchRouter.swift in Sources */,
				4A5B1F8326ABB916009C6965 /* RootViewController.swift in Sources */,
				4A5B1FBF26ABD67B009C6965 /* DutchTableViewCells.swift in Sources */,
				4A5B1F8E26ABBB72009C6965 /* AppComponent.swift in Sources */,
				4A5B1FA126ABBE49009C6965 /* DutchBuilder.swift in Sources */,
				4A5B1FD526ABFB06009C6965 /* DutchServiceImpl.swift in Sources */,
				4A5B1F8226ABB916009C6965 /* RootRouter.swift in Sources */,
				4A5B1FD126ABFAA0009C6965 /* DutchService.swift in Sources */,
				4A5B1FCB26ABDF02009C6965 /* Int64+extension.swift in Sources */,
				4A5B1FA726ABC055009C6965 /* DutchRequireds.swift in Sources */,
				4A5B1FC926ABDEB6009C6965 /* UITableView+extension.swift in Sources */,
				4A5B1F8526ABB916009C6965 /* RootInteractor.swift in Sources */,
				4A5B1FC526ABDD2D009C6965 /* String+extension.swift in Sources */,
				4A5B1FA526ABBFE3009C6965 /* RootComponent+Dutch.swift in Sources */,
				4A5B1FCF26ABEFAD009C6965 /* ProgressButton.swift in Sources */,
				4A5B1FC326ABD8D0009C6965 /* UITableViewCell+extension.swift in Sources */,
				4A5B1FA026ABBE49009C6965 /* DutchViewController.swift in Sources */,
				4A5B1FD926AC0795009C6965 /* DutchViewModels.swift in Sources */,
				4A5B1FDB26AC17D7009C6965 /* GlobalConstant.swift in Sources */,
				4A5B1FBC26ABC984009C6965 /* DutchData.swift in Sources */,
				4A5B1F2C26ABA2E3009C6965 /* ViewController.swift in Sources */,
				4A5B1F2826ABA2E3009C6965 /* AppDelegate.swift in Sources */,
				4A5B1FC726ABDD7E009C6965 /* Date+extension.swift in Sources */,
				4A5B1F2A26ABA2E3009C6965 /* SceneDelegate.swift in Sources */,
				4A5B1F8426ABB916009C6965 /* RootBuilder.swift in Sources */,
				4A5B1FA226ABBE49009C6965 /* DutchInteractor.swift in Sources */,
				4A5B1FDD26AC7988009C6965 /* Network.swift in Sources */,
				4A5B1FCD26ABE3EA009C6965 /* DutchDetailTableViewCell.swift in Sources */,
			);
			runOnlyForDeploymentPostprocessing = 0;
		};
		4A5B1F3626ABA2E5009C6965 /* Sources */ = {
			isa = PBXSourcesBuildPhase;
			buildActionMask = 2147483647;
			files = (
				4A5B1F3F26ABA2E5009C6965 /* TossDutchTests.swift in Sources */,
			);
			runOnlyForDeploymentPostprocessing = 0;
		};
		4A5B1F4126ABA2E5009C6965 /* Sources */ = {
			isa = PBXSourcesBuildPhase;
			buildActionMask = 2147483647;
			files = (
				4A5B1F4A26ABA2E5009C6965 /* TossDutchUITests.swift in Sources */,
			);
			runOnlyForDeploymentPostprocessing = 0;
		};
/* End PBXSourcesBuildPhase section */

/* Begin PBXTargetDependency section */
		4A5B1F3C26ABA2E5009C6965 /* PBXTargetDependency */ = {
			isa = PBXTargetDependency;
			target = 4A5B1F2326ABA2E3009C6965 /* TossDutch */;
			targetProxy = 4A5B1F3B26ABA2E5009C6965 /* PBXContainerItemProxy */;
		};
		4A5B1F4726ABA2E5009C6965 /* PBXTargetDependency */ = {
			isa = PBXTargetDependency;
			target = 4A5B1F2326ABA2E3009C6965 /* TossDutch */;
			targetProxy = 4A5B1F4626ABA2E5009C6965 /* PBXContainerItemProxy */;
		};
/* End PBXTargetDependency section */

/* Begin PBXVariantGroup section */
		4A5B1F2D26ABA2E3009C6965 /* Main.storyboard */ = {
			isa = PBXVariantGroup;
			children = (
				4A5B1F2E26ABA2E3009C6965 /* Base */,
			);
			name = Main.storyboard;
			sourceTree = "<group>";
		};
		4A5B1F3226ABA2E4009C6965 /* LaunchScreen.storyboard */ = {
			isa = PBXVariantGroup;
			children = (
				4A5B1F3326ABA2E4009C6965 /* Base */,
			);
			name = LaunchScreen.storyboard;
			sourceTree = "<group>";
		};
/* End PBXVariantGroup section */

/* Begin XCBuildConfiguration section */
		4A5B1F4C26ABA2E5009C6965 /* Debug */ = {
			isa = XCBuildConfiguration;
			buildSettings = {
				ALWAYS_SEARCH_USER_PATHS = NO;
				CLANG_ANALYZER_NONNULL = YES;
				CLANG_ANALYZER_NUMBER_OBJECT_CONVERSION = YES_AGGRESSIVE;
				CLANG_CXX_LANGUAGE_STANDARD = "gnu++14";
				CLANG_CXX_LIBRARY = "libc++";
				CLANG_ENABLE_MODULES = YES;
				CLANG_ENABLE_OBJC_ARC = YES;
				CLANG_ENABLE_OBJC_WEAK = YES;
				CLANG_WARN_BLOCK_CAPTURE_AUTORELEASING = YES;
				CLANG_WARN_BOOL_CONVERSION = YES;
				CLANG_WARN_COMMA = YES;
				CLANG_WARN_CONSTANT_CONVERSION = YES;
				CLANG_WARN_DEPRECATED_OBJC_IMPLEMENTATIONS = YES;
				CLANG_WARN_DIRECT_OBJC_ISA_USAGE = YES_ERROR;
				CLANG_WARN_DOCUMENTATION_COMMENTS = YES;
				CLANG_WARN_EMPTY_BODY = YES;
				CLANG_WARN_ENUM_CONVERSION = YES;
				CLANG_WARN_INFINITE_RECURSION = YES;
				CLANG_WARN_INT_CONVERSION = YES;
				CLANG_WARN_NON_LITERAL_NULL_CONVERSION = YES;
				CLANG_WARN_OBJC_IMPLICIT_RETAIN_SELF = YES;
				CLANG_WARN_OBJC_LITERAL_CONVERSION = YES;
				CLANG_WARN_OBJC_ROOT_CLASS = YES_ERROR;
				CLANG_WARN_QUOTED_INCLUDE_IN_FRAMEWORK_HEADER = YES;
				CLANG_WARN_RANGE_LOOP_ANALYSIS = YES;
				CLANG_WARN_STRICT_PROTOTYPES = YES;
				CLANG_WARN_SUSPICIOUS_MOVE = YES;
				CLANG_WARN_UNGUARDED_AVAILABILITY = YES_AGGRESSIVE;
				CLANG_WARN_UNREACHABLE_CODE = YES;
				CLANG_WARN__DUPLICATE_METHOD_MATCH = YES;
				COPY_PHASE_STRIP = NO;
				DEBUG_INFORMATION_FORMAT = dwarf;
				ENABLE_STRICT_OBJC_MSGSEND = YES;
				ENABLE_TESTABILITY = YES;
				GCC_C_LANGUAGE_STANDARD = gnu11;
				GCC_DYNAMIC_NO_PIC = NO;
				GCC_NO_COMMON_BLOCKS = YES;
				GCC_OPTIMIZATION_LEVEL = 0;
				GCC_PREPROCESSOR_DEFINITIONS = (
					"DEBUG=1",
					"$(inherited)",
				);
				GCC_WARN_64_TO_32_BIT_CONVERSION = YES;
				GCC_WARN_ABOUT_RETURN_TYPE = YES_ERROR;
				GCC_WARN_UNDECLARED_SELECTOR = YES;
				GCC_WARN_UNINITIALIZED_AUTOS = YES_AGGRESSIVE;
				GCC_WARN_UNUSED_FUNCTION = YES;
				GCC_WARN_UNUSED_VARIABLE = YES;
				IPHONEOS_DEPLOYMENT_TARGET = 14.5;
				MTL_ENABLE_DEBUG_INFO = INCLUDE_SOURCE;
				MTL_FAST_MATH = YES;
				ONLY_ACTIVE_ARCH = YES;
				SDKROOT = iphoneos;
				SWIFT_ACTIVE_COMPILATION_CONDITIONS = DEBUG;
				SWIFT_OPTIMIZATION_LEVEL = "-Onone";
			};
			name = Debug;
		};
		4A5B1F4D26ABA2E5009C6965 /* Release */ = {
			isa = XCBuildConfiguration;
			buildSettings = {
				ALWAYS_SEARCH_USER_PATHS = NO;
				CLANG_ANALYZER_NONNULL = YES;
				CLANG_ANALYZER_NUMBER_OBJECT_CONVERSION = YES_AGGRESSIVE;
				CLANG_CXX_LANGUAGE_STANDARD = "gnu++14";
				CLANG_CXX_LIBRARY = "libc++";
				CLANG_ENABLE_MODULES = YES;
				CLANG_ENABLE_OBJC_ARC = YES;
				CLANG_ENABLE_OBJC_WEAK = YES;
				CLANG_WARN_BLOCK_CAPTURE_AUTORELEASING = YES;
				CLANG_WARN_BOOL_CONVERSION = YES;
				CLANG_WARN_COMMA = YES;
				CLANG_WARN_CONSTANT_CONVERSION = YES;
				CLANG_WARN_DEPRECATED_OBJC_IMPLEMENTATIONS = YES;
				CLANG_WARN_DIRECT_OBJC_ISA_USAGE = YES_ERROR;
				CLANG_WARN_DOCUMENTATION_COMMENTS = YES;
				CLANG_WARN_EMPTY_BODY = YES;
				CLANG_WARN_ENUM_CONVERSION = YES;
				CLANG_WARN_INFINITE_RECURSION = YES;
				CLANG_WARN_INT_CONVERSION = YES;
				CLANG_WARN_NON_LITERAL_NULL_CONVERSION = YES;
				CLANG_WARN_OBJC_IMPLICIT_RETAIN_SELF = YES;
				CLANG_WARN_OBJC_LITERAL_CONVERSION = YES;
				CLANG_WARN_OBJC_ROOT_CLASS = YES_ERROR;
				CLANG_WARN_QUOTED_INCLUDE_IN_FRAMEWORK_HEADER = YES;
				CLANG_WARN_RANGE_LOOP_ANALYSIS = YES;
				CLANG_WARN_STRICT_PROTOTYPES = YES;
				CLANG_WARN_SUSPICIOUS_MOVE = YES;
				CLANG_WARN_UNGUARDED_AVAILABILITY = YES_AGGRESSIVE;
				CLANG_WARN_UNREACHABLE_CODE = YES;
				CLANG_WARN__DUPLICATE_METHOD_MATCH = YES;
				COPY_PHASE_STRIP = NO;
				DEBUG_INFORMATION_FORMAT = "dwarf-with-dsym";
				ENABLE_NS_ASSERTIONS = NO;
				ENABLE_STRICT_OBJC_MSGSEND = YES;
				GCC_C_LANGUAGE_STANDARD = gnu11;
				GCC_NO_COMMON_BLOCKS = YES;
				GCC_WARN_64_TO_32_BIT_CONVERSION = YES;
				GCC_WARN_ABOUT_RETURN_TYPE = YES_ERROR;
				GCC_WARN_UNDECLARED_SELECTOR = YES;
				GCC_WARN_UNINITIALIZED_AUTOS = YES_AGGRESSIVE;
				GCC_WARN_UNUSED_FUNCTION = YES;
				GCC_WARN_UNUSED_VARIABLE = YES;
				IPHONEOS_DEPLOYMENT_TARGET = 14.5;
				MTL_ENABLE_DEBUG_INFO = NO;
				MTL_FAST_MATH = YES;
				SDKROOT = iphoneos;
				SWIFT_COMPILATION_MODE = wholemodule;
				SWIFT_OPTIMIZATION_LEVEL = "-O";
				VALIDATE_PRODUCT = YES;
			};
			name = Release;
		};
		4A5B1F4F26ABA2E5009C6965 /* Debug */ = {
			isa = XCBuildConfiguration;
			buildSettings = {
				ASSETCATALOG_COMPILER_APPICON_NAME = AppIcon;
				ASSETCATALOG_COMPILER_GLOBAL_ACCENT_COLOR_NAME = AccentColor;
				CODE_SIGN_STYLE = Automatic;
				INFOPLIST_FILE = TossDutch/Info.plist;
				LD_RUNPATH_SEARCH_PATHS = (
					"$(inherited)",
					"@executable_path/Frameworks",
				);
				PRODUCT_BUNDLE_IDENTIFIER = com.frankjinhan.TossDutch;
				PRODUCT_NAME = "$(TARGET_NAME)";
				SWIFT_VERSION = 5.0;
				TARGETED_DEVICE_FAMILY = "1,2";
			};
			name = Debug;
		};
		4A5B1F5026ABA2E5009C6965 /* Release */ = {
			isa = XCBuildConfiguration;
			buildSettings = {
				ASSETCATALOG_COMPILER_APPICON_NAME = AppIcon;
				ASSETCATALOG_COMPILER_GLOBAL_ACCENT_COLOR_NAME = AccentColor;
				CODE_SIGN_STYLE = Automatic;
				INFOPLIST_FILE = TossDutch/Info.plist;
				LD_RUNPATH_SEARCH_PATHS = (
					"$(inherited)",
					"@executable_path/Frameworks",
				);
				PRODUCT_BUNDLE_IDENTIFIER = com.frankjinhan.TossDutch;
				PRODUCT_NAME = "$(TARGET_NAME)";
				SWIFT_VERSION = 5.0;
				TARGETED_DEVICE_FAMILY = "1,2";
			};
			name = Release;
		};
		4A5B1F5226ABA2E5009C6965 /* Debug */ = {
			isa = XCBuildConfiguration;
			buildSettings = {
				ALWAYS_EMBED_SWIFT_STANDARD_LIBRARIES = YES;
				BUNDLE_LOADER = "$(TEST_HOST)";
				CODE_SIGN_STYLE = Automatic;
				INFOPLIST_FILE = TossDutchTests/Info.plist;
				IPHONEOS_DEPLOYMENT_TARGET = 14.5;
				LD_RUNPATH_SEARCH_PATHS = (
					"$(inherited)",
					"@executable_path/Frameworks",
					"@loader_path/Frameworks",
				);
				PRODUCT_BUNDLE_IDENTIFIER = com.frankjinhan.TossDutchTests;
				PRODUCT_NAME = "$(TARGET_NAME)";
				SWIFT_VERSION = 5.0;
				TARGETED_DEVICE_FAMILY = "1,2";
				TEST_HOST = "$(BUILT_PRODUCTS_DIR)/TossDutch.app/TossDutch";
			};
			name = Debug;
		};
		4A5B1F5326ABA2E5009C6965 /* Release */ = {
			isa = XCBuildConfiguration;
			buildSettings = {
				ALWAYS_EMBED_SWIFT_STANDARD_LIBRARIES = YES;
				BUNDLE_LOADER = "$(TEST_HOST)";
				CODE_SIGN_STYLE = Automatic;
				INFOPLIST_FILE = TossDutchTests/Info.plist;
				IPHONEOS_DEPLOYMENT_TARGET = 14.5;
				LD_RUNPATH_SEARCH_PATHS = (
					"$(inherited)",
					"@executable_path/Frameworks",
					"@loader_path/Frameworks",
				);
				PRODUCT_BUNDLE_IDENTIFIER = com.frankjinhan.TossDutchTests;
				PRODUCT_NAME = "$(TARGET_NAME)";
				SWIFT_VERSION = 5.0;
				TARGETED_DEVICE_FAMILY = "1,2";
				TEST_HOST = "$(BUILT_PRODUCTS_DIR)/TossDutch.app/TossDutch";
			};
			name = Release;
		};
		4A5B1F5526ABA2E5009C6965 /* Debug */ = {
			isa = XCBuildConfiguration;
			buildSettings = {
				ALWAYS_EMBED_SWIFT_STANDARD_LIBRARIES = YES;
				CODE_SIGN_STYLE = Automatic;
				INFOPLIST_FILE = TossDutchUITests/Info.plist;
				LD_RUNPATH_SEARCH_PATHS = (
					"$(inherited)",
					"@executable_path/Frameworks",
					"@loader_path/Frameworks",
				);
				PRODUCT_BUNDLE_IDENTIFIER = com.frankjinhan.TossDutchUITests;
				PRODUCT_NAME = "$(TARGET_NAME)";
				SWIFT_VERSION = 5.0;
				TARGETED_DEVICE_FAMILY = "1,2";
				TEST_TARGET_NAME = TossDutch;
			};
			name = Debug;
		};
		4A5B1F5626ABA2E5009C6965 /* Release */ = {
			isa = XCBuildConfiguration;
			buildSettings = {
				ALWAYS_EMBED_SWIFT_STANDARD_LIBRARIES = YES;
				CODE_SIGN_STYLE = Automatic;
				INFOPLIST_FILE = TossDutchUITests/Info.plist;
				LD_RUNPATH_SEARCH_PATHS = (
					"$(inherited)",
					"@executable_path/Frameworks",
					"@loader_path/Frameworks",
				);
				PRODUCT_BUNDLE_IDENTIFIER = com.frankjinhan.TossDutchUITests;
				PRODUCT_NAME = "$(TARGET_NAME)";
				SWIFT_VERSION = 5.0;
				TARGETED_DEVICE_FAMILY = "1,2";
				TEST_TARGET_NAME = TossDutch;
			};
			name = Release;
		};
/* End XCBuildConfiguration section */

/* Begin XCConfigurationList section */
		4A5B1F1F26ABA2E3009C6965 /* Build configuration list for PBXProject "TossDutch" */ = {
			isa = XCConfigurationList;
			buildConfigurations = (
				4A5B1F4C26ABA2E5009C6965 /* Debug */,
				4A5B1F4D26ABA2E5009C6965 /* Release */,
			);
			defaultConfigurationIsVisible = 0;
			defaultConfigurationName = Release;
		};
		4A5B1F4E26ABA2E5009C6965 /* Build configuration list for PBXNativeTarget "TossDutch" */ = {
			isa = XCConfigurationList;
			buildConfigurations = (
				4A5B1F4F26ABA2E5009C6965 /* Debug */,
				4A5B1F5026ABA2E5009C6965 /* Release */,
			);
			defaultConfigurationIsVisible = 0;
			defaultConfigurationName = Release;
		};
		4A5B1F5126ABA2E5009C6965 /* Build configuration list for PBXNativeTarget "TossDutchTests" */ = {
			isa = XCConfigurationList;
			buildConfigurations = (
				4A5B1F5226ABA2E5009C6965 /* Debug */,
				4A5B1F5326ABA2E5009C6965 /* Release */,
			);
			defaultConfigurationIsVisible = 0;
			defaultConfigurationName = Release;
		};
		4A5B1F5426ABA2E5009C6965 /* Build configuration list for PBXNativeTarget "TossDutchUITests" */ = {
			isa = XCConfigurationList;
			buildConfigurations = (
				4A5B1F5526ABA2E5009C6965 /* Debug */,
				4A5B1F5626ABA2E5009C6965 /* Release */,
			);
			defaultConfigurationIsVisible = 0;
			defaultConfigurationName = Release;
		};
/* End XCConfigurationList section */

/* Begin XCRemoteSwiftPackageReference section */
		4A5B1F6226ABAEC2009C6965 /* XCRemoteSwiftPackageReference "SwiftyJSON" */ = {
			isa = XCRemoteSwiftPackageReference;
			repositoryURL = "https://github.com/SwiftyJSON/SwiftyJSON";
			requirement = {
				kind = upToNextMajorVersion;
				minimumVersion = 5.0.1;
			};
		};
		4A5B1F7626ABB876009C6965 /* XCRemoteSwiftPackageReference "RIBs" */ = {
			isa = XCRemoteSwiftPackageReference;
			repositoryURL = "https://github.com/uber/RIBs";
			requirement = {
				kind = upToNextMajorVersion;
				minimumVersion = 0.11.2;
			};
		};
		4A5B1F7926ABB8AB009C6965 /* XCRemoteSwiftPackageReference "Alamofire" */ = {
			isa = XCRemoteSwiftPackageReference;
			repositoryURL = "https://github.com/Alamofire/Alamofire";
			requirement = {
				kind = upToNextMajorVersion;
				minimumVersion = 5.4.3;
			};
		};
		4A5B1F8626ABB9A6009C6965 /* XCRemoteSwiftPackageReference "SnapKit" */ = {
			isa = XCRemoteSwiftPackageReference;
			repositoryURL = "https://github.com/SnapKit/SnapKit";
			requirement = {
				kind = upToNextMajorVersion;
				minimumVersion = 5.0.1;
			};
		};
		4A5B1F8926ABBAEB009C6965 /* XCRemoteSwiftPackageReference "SwiftRichString" */ = {
			isa = XCRemoteSwiftPackageReference;
			repositoryURL = "https://github.com/malcommac/SwiftRichString";
			requirement = {
				kind = upToNextMajorVersion;
				minimumVersion = 3.7.2;
			};
		};
		4A5B1F8F26ABBC76009C6965 /* XCRemoteSwiftPackageReference "RxSwift" */ = {
			isa = XCRemoteSwiftPackageReference;
			repositoryURL = "https://github.com/ReactiveX/RxSwift";
			requirement = {
				kind = upToNextMajorVersion;
				minimumVersion = 6.2.0;
			};
		};
		4A5B1FA826ABC5B6009C6965 /* XCRemoteSwiftPackageReference "RxDataSources" */ = {
			isa = XCRemoteSwiftPackageReference;
			repositoryURL = "https://github.com/RxSwiftCommunity/RxDataSources";
			requirement = {
				kind = upToNextMajorVersion;
				minimumVersion = 5.0.1;
			};
		};
/* End XCRemoteSwiftPackageReference section */

/* Begin XCSwiftPackageProductDependency section */
		4A5B1F6326ABAEC2009C6965 /* SwiftyJSON */ = {
			isa = XCSwiftPackageProductDependency;
			package = 4A5B1F6226ABAEC2009C6965 /* XCRemoteSwiftPackageReference "SwiftyJSON" */;
			productName = SwiftyJSON;
		};
		4A5B1F7726ABB876009C6965 /* RIBs */ = {
			isa = XCSwiftPackageProductDependency;
			package = 4A5B1F7626ABB876009C6965 /* XCRemoteSwiftPackageReference "RIBs" */;
			productName = RIBs;
		};
		4A5B1F7A26ABB8AB009C6965 /* Alamofire */ = {
			isa = XCSwiftPackageProductDependency;
			package = 4A5B1F7926ABB8AB009C6965 /* XCRemoteSwiftPackageReference "Alamofire" */;
			productName = Alamofire;
		};
		4A5B1F8726ABB9A6009C6965 /* SnapKit */ = {
			isa = XCSwiftPackageProductDependency;
			package = 4A5B1F8626ABB9A6009C6965 /* XCRemoteSwiftPackageReference "SnapKit" */;
			productName = SnapKit;
		};
		4A5B1F8A26ABBAEB009C6965 /* SwiftRichString */ = {
			isa = XCSwiftPackageProductDependency;
			package = 4A5B1F8926ABBAEB009C6965 /* XCRemoteSwiftPackageReference "SwiftRichString" */;
			productName = SwiftRichString;
		};
		4A5B1F9026ABBC76009C6965 /* RxSwift */ = {
			isa = XCSwiftPackageProductDependency;
			package = 4A5B1F8F26ABBC76009C6965 /* XCRemoteSwiftPackageReference "RxSwift" */;
			productName = RxSwift;
		};
		4A5B1F9426ABBC76009C6965 /* RxRelay */ = {
			isa = XCSwiftPackageProductDependency;
			package = 4A5B1F8F26ABBC76009C6965 /* XCRemoteSwiftPackageReference "RxSwift" */;
			productName = RxRelay;
		};
		4A5B1F9626ABBC76009C6965 /* RxCocoa */ = {
			isa = XCSwiftPackageProductDependency;
			package = 4A5B1F8F26ABBC76009C6965 /* XCRemoteSwiftPackageReference "RxSwift" */;
			productName = RxCocoa;
		};
		4A5B1FA926ABC5B6009C6965 /* RxDataSources */ = {
			isa = XCSwiftPackageProductDependency;
			package = 4A5B1FA826ABC5B6009C6965 /* XCRemoteSwiftPackageReference "RxDataSources" */;
			productName = RxDataSources;
		};
		4A5B1FAB26ABC5B6009C6965 /* Differentiator */ = {
			isa = XCSwiftPackageProductDependency;
			package = 4A5B1FA826ABC5B6009C6965 /* XCRemoteSwiftPackageReference "RxDataSources" */;
			productName = Differentiator;
		};
/* End XCSwiftPackageProductDependency section */
	};
	rootObject = 4A5B1F1C26ABA2E3009C6965 /* Project object */;
}
